
Microsoft Visual Studio Solution File, Format Version 12.00
# Visual Studio Version 17
VisualStudioVersion = 17.10.34928.147
MinimumVisualStudioVersion = 10.0.40219.1
Project("{FAE04EC0-301F-11D3-BF4B-00C04F79EFBC}") = "console_app_estudents", "console_app_estudents\console_app_estudents.csproj", "{2A882190-558C-4D4E-A59E-6543F37161B9}"
EndProject
Global
	GlobalSection(SolutionConfigurationPlatforms) = preSolution
		Debug|Any CPU = Debug|Any CPU
		Release|Any CPU = Release|Any CPU
	EndGlobalSection
	GlobalSection(ProjectConfigurationPlatforms) = postSolution
		{2A882190-558C-4D4E-A59E-6543F37161B9}.Debug|Any CPU.ActiveCfg = Debug|Any CPU
		{2A882190-558C-4D4E-A59E-6543F37161B9}.Debug|Any CPU.Build.0 = Debug|Any CPU
		{2A882190-558C-4D4E-A59E-6543F37161B9}.Release|Any CPU.ActiveCfg = Release|Any CPU
		{2A882190-558C-4D4E-A59E-6543F37161B9}.Release|Any CPU.Build.0 = Release|Any CPU
	EndGlobalSection
	GlobalSection(SolutionProperties) = preSolution
		HideSolutionNode = FALSE
	EndGlobalSection
	GlobalSection(ExtensibilityGlobals) = postSolution
		SolutionGuid = {9628194A-7F63-42D8-AAB8-3E7AE8E557BE}
	EndGlobalSection
EndGlobal
